{"format_version":"1.2","terraform_version":"1.6.6","variables":{"environment":{"value":"DEV"},"name":{"value":"bedrock-qa-rag"},"region":{"value":"us-east-1"}},"planned_values":{"root_module":{"child_modules":[{"resources":[{"address":"module.ecr.aws_ecr_repository.ecr_repo","mode":"managed","type":"aws_ecr_repository","name":"ecr_repo","provider_name":"registry.terraform.io/hashicorp/aws","schema_version":0,"values":{"encryption_configuration":[],"force_delete":null,"image_scanning_configuration":[{"scan_on_push":true}],"image_tag_mutability":"MUTABLE","name":"bedrock-qa-rag-ecr-tf","tags":{"Application":"bedrock-qa-rag","Environment":"DEV","Name":"bedrock-qa-rag-ecr-tf"},"tags_all":{"Application":"bedrock-qa-rag","Environment":"DEV","Name":"bedrock-qa-rag-ecr-tf"},"timeouts":null},"sensitive_values":{"encryption_configuration":[],"image_scanning_configuration":[{}],"tags":{},"tags_all":{}}}],"address":"module.ecr"},{"resources":[{"address":"module.ecs.aws_ecs_cluster.ecs_cluster","mode":"managed","type":"aws_ecs_cluster","name":"ecs_cluster","provider_name":"registry.terraform.io/hashicorp/aws","schema_version":0,"values":{"configuration":[],"name":"bedrock-qa-rag-cluster-tf","service_connect_defaults":[],"tags":{"Application":"bedrock-qa-rag","Environment":"DEV","Name":"bedrock-qa-rag-cluster-tf"},"tags_all":{"Application":"bedrock-qa-rag","Environment":"DEV","Name":"bedrock-qa-rag-cluster-tf"}},"sensitive_values":{"configuration":[],"service_connect_defaults":[],"setting":[],"tags":{},"tags_all":{}}},{"address":"module.ecs.aws_ecs_service.ecs_service","mode":"managed","type":"aws_ecs_service","name":"ecs_service","provider_name":"registry.terraform.io/hashicorp/aws","schema_version":0,"values":{"alarms":[],"capacity_provider_strategy":[],"deployment_circuit_breaker":[],"deployment_controller":[],"deployment_maximum_percent":200,"deployment_minimum_healthy_percent":100,"desired_count":2,"enable_ecs_managed_tags":false,"enable_execute_command":false,"force_new_deployment":null,"health_check_grace_period_seconds":null,"launch_type":"FARGATE","load_balancer":[{"container_name":"bedrock-qa-rag-task-tf","container_port":8000,"elb_name":""}],"name":"bedrock-qa-rag-service-tf","network_configuration":[{"assign_public_ip":true}],"ordered_placement_strategy":[],"placement_constraints":[],"propagate_tags":null,"scheduling_strategy":"REPLICA","service_connect_configuration":[],"service_registries":[],"tags":{"Application":"bedrock-qa-rag","Environment":"DEV","Name":"bedrock-qa-rag-service-tf"},"tags_all":{"Application":"bedrock-qa-rag","Environment":"DEV","Name":"bedrock-qa-rag-service-tf"},"timeouts":null,"wait_for_steady_state":false},"sensitive_values":{"alarms":[],"capacity_provider_strategy":[],"deployment_circuit_breaker":[],"deployment_controller":[],"load_balancer":[{}],"network_configuration":[{"security_groups":[],"subnets":[]}],"ordered_placement_strategy":[],"placement_constraints":[],"service_connect_configuration":[],"service_registries":[],"tags":{},"tags_all":{},"triggers":{}}},{"address":"module.ecs.aws_ecs_task_definition.ecs_task_definition","mode":"managed","type":"aws_ecs_task_definition","name":"ecs_task_definition","provider_name":"registry.terraform.io/hashicorp/aws","schema_version":1,"values":{"cpu":"256","ephemeral_storage":[],"family":"bedrock-qa-rag-task-tf","inference_accelerator":[],"ipc_mode":null,"memory":"512","network_mode":"awsvpc","pid_mode":null,"placement_constraints":[],"proxy_configuration":[],"requires_compatibilities":["FARGATE"],"runtime_platform":[{"cpu_architecture":"X86_64","operating_system_family":"LINUX"}],"skip_destroy":false,"tags":{"Application":"bedrock-qa-rag","Environment":"DEV","FamilyName":"bedrock-qa-rag-task-tf"},"tags_all":{"Application":"bedrock-qa-rag","Environment":"DEV","FamilyName":"bedrock-qa-rag-task-tf","Name":"bedrock-qa-rag"},"task_role_arn":null,"volume":[]},"sensitive_values":{"ephemeral_storage":[],"inference_accelerator":[],"placement_constraints":[],"proxy_configuration":[],"requires_compatibilities":[false],"runtime_platform":[{}],"tags":{},"tags_all":{},"volume":[]}}],"address":"module.ecs"},{"resources":[{"address":"module.iam.aws_iam_policy.bedrock","mode":"managed","type":"aws_iam_policy","name":"bedrock","provider_name":"registry.terraform.io/hashicorp/aws","schema_version":0,"values":{"description":null,"name":"bedrock","path":"/","policy":"{\"Statement\":[{\"Action\":[\"bedrock:ListFoundationModels\",\"bedrock:ListCustomModels\",\"bedrock:InvokeModel\"],\"Effect\":\"Allow\",\"Resource\":\"arn:aws:bedrock:*::foundation-model/*\",\"Sid\":\"1\"},{\"Action\":\"sts:AssumeRole\",\"Effect\":\"Allow\",\"Resource\":\"*\",\"Sid\":\"2\"}],\"Version\":\"2012-10-17\"}","tags":null,"tags_all":{"Name":"bedrock-qa-rag"}},"sensitive_values":{"tags_all":{}}},{"address":"module.iam.aws_iam_role.bedrock","mode":"managed","type":"aws_iam_role","name":"bedrock","provider_name":"registry.terraform.io/hashicorp/aws","schema_version":0,"values":{"assume_role_policy":"{\"Statement\":[{\"Action\":\"sts:AssumeRole\",\"Effect\":\"Allow\",\"Principal\":{\"AWS\":\"arn:aws:iam::078090784717:root\"},\"Sid\":\"Statement1\"}],\"Version\":\"2012-10-17\"}","description":null,"force_detach_policies":false,"max_session_duration":3600,"name":"bedrock","path":"/","permissions_boundary":null,"tags":null,"tags_all":{"Name":"bedrock-qa-rag"}},"sensitive_values":{"inline_policy":[],"managed_policy_arns":[],"tags_all":{}}},{"address":"module.iam.aws_iam_role.ecs_task_execution_role","mode":"managed","type":"aws_iam_role","name":"ecs_task_execution_role","provider_name":"registry.terraform.io/hashicorp/aws","schema_version":0,"values":{"assume_role_policy":"{\"Statement\":[{\"Action\":\"sts:AssumeRole\",\"Effect\":\"Allow\",\"Principal\":{\"Service\":\"ecs-tasks.amazonaws.com\"}}],\"Version\":\"2012-10-17\"}","description":null,"force_detach_policies":false,"max_session_duration":3600,"name":"bedrock-qa-rag-ecs-execution-role_tf","path":"/","permissions_boundary":null,"tags":null,"tags_all":{"Name":"bedrock-qa-rag"}},"sensitive_values":{"inline_policy":[],"managed_policy_arns":[],"tags_all":{}}},{"address":"module.iam.aws_iam_role_policy_attachment.bedrock-role","mode":"managed","type":"aws_iam_role_policy_attachment","name":"bedrock-role","provider_name":"registry.terraform.io/hashicorp/aws","schema_version":0,"values":{"role":"bedrock"},"sensitive_values":{}},{"address":"module.iam.aws_iam_role_policy_attachment.ecsTaskExecutionRole_policy","mode":"managed","type":"aws_iam_role_policy_attachment","name":"ecsTaskExecutionRole_policy","provider_name":"registry.terraform.io/hashicorp/aws","schema_version":0,"values":{"policy_arn":"arn:aws:iam::aws:policy/service-role/AmazonECSTaskExecutionRolePolicy","role":"bedrock-qa-rag-ecs-execution-role_tf"},"sensitive_values":{}}],"address":"module.iam"},{"resources":[{"address":"module.network.aws_default_subnet.default_subnet_a","mode":"managed","type":"aws_default_subnet","name":"default_subnet_a","provider_name":"registry.terraform.io/hashicorp/aws","schema_version":1,"values":{"assign_ipv6_address_on_creation":false,"availability_zone":"us-east-1a","customer_owned_ipv4_pool":null,"enable_dns64":false,"enable_resource_name_dns_a_record_on_launch":false,"enable_resource_name_dns_aaaa_record_on_launch":false,"force_destroy":false,"ipv6_native":false,"map_customer_owned_ip_on_launch":null,"map_public_ip_on_launch":true,"tags":{"Name":"Default subnet for us-east-1a"},"tags_all":{"Name":"Default subnet for us-east-1a"},"timeouts":null},"sensitive_values":{"tags":{},"tags_all":{}}},{"address":"module.network.aws_default_subnet.default_subnet_b","mode":"managed","type":"aws_default_subnet","name":"default_subnet_b","provider_name":"registry.terraform.io/hashicorp/aws","schema_version":1,"values":{"assign_ipv6_address_on_creation":false,"availability_zone":"us-east-1b","customer_owned_ipv4_pool":null,"enable_dns64":false,"enable_resource_name_dns_a_record_on_launch":false,"enable_resource_name_dns_aaaa_record_on_launch":false,"force_destroy":false,"ipv6_native":false,"map_customer_owned_ip_on_launch":null,"map_public_ip_on_launch":true,"tags":{"Name":"Default subnet for us-east-1b"},"tags_all":{"Name":"Default subnet for us-east-1b"},"timeouts":null},"sensitive_values":{"tags":{},"tags_all":{}}},{"address":"module.network.aws_default_vpc.default_vpc","mode":"managed","type":"aws_default_vpc","name":"default_vpc","provider_name":"registry.terraform.io/hashicorp/aws","schema_version":1,"values":{"assign_generated_ipv6_cidr_block":null,"enable_dns_hostnames":true,"enable_dns_support":true,"force_destroy":false,"ipv6_ipam_pool_id":null,"ipv6_netmask_length":null,"tags":{"Name":"Default VPC"},"tags_all":{"Name":"Default VPC"}},"sensitive_values":{"tags":{},"tags_all":{}}},{"address":"module.network.aws_lb.ecs_load_balancer","mode":"managed","type":"aws_lb","name":"ecs_load_balancer","provider_name":"registry.terraform.io/hashicorp/aws","schema_version":0,"values":{"access_logs":[],"connection_logs":[],"customer_owned_ipv4_pool":null,"desync_mitigation_mode":"defensive","dns_record_client_routing_policy":null,"drop_invalid_header_fields":false,"enable_cross_zone_load_balancing":null,"enable_deletion_protection":false,"enable_http2":true,"enable_tls_version_and_cipher_suite_headers":false,"enable_waf_fail_open":false,"enable_xff_client_port":false,"idle_timeout":60,"internal":false,"load_balancer_type":"application","name":"bedrock-qa-rag-load-balance-tf","preserve_host_header":false,"tags":{"Application":"bedrock-qa-rag","Environment":"DEV","Name":"bedrock-qa-rag-load-balance-tf"},"tags_all":{"Application":"bedrock-qa-rag","Environment":"DEV","Name":"bedrock-qa-rag-load-balance-tf"},"timeouts":null,"xff_header_processing_mode":"append"},"sensitive_values":{"access_logs":[],"connection_logs":[],"security_groups":[],"subnet_mapping":[],"subnets":[],"tags":{},"tags_all":{}}},{"address":"module.network.aws_lb_listener.lb_listener","mode":"managed","type":"aws_lb_listener","name":"lb_listener","provider_name":"registry.terraform.io/hashicorp/aws","schema_version":0,"values":{"alpn_policy":null,"certificate_arn":null,"default_action":[{"authenticate_cognito":[],"authenticate_oidc":[],"fixed_response":[],"forward":[],"redirect":[],"type":"forward"}],"port":80,"protocol":"HTTP","tags":{"Application":"bedrock-qa-rag","Environment":"DEV"},"tags_all":{"Application":"bedrock-qa-rag","Environment":"DEV","Name":"bedrock-qa-rag"},"timeouts":null},"sensitive_values":{"default_action":[{"authenticate_cognito":[],"authenticate_oidc":[],"fixed_response":[],"forward":[],"redirect":[]}],"mutual_authentication":[],"tags":{},"tags_all":{}}},{"address":"module.network.aws_lb_target_group.lb_target_group","mode":"managed","type":"aws_lb_target_group","name":"lb_target_group","provider_name":"registry.terraform.io/hashicorp/aws","schema_version":0,"values":{"deregistration_delay":"300","lambda_multi_value_headers_enabled":false,"name":"bedrock-qa-rag-target-group-tf","port":80,"protocol":"HTTP","proxy_protocol_v2":false,"slow_start":0,"tags":{"Application":"bedrock-qa-rag","Environment":"DEV","Name":"bedrock-qa-rag-target-group-tf"},"tags_all":{"Application":"bedrock-qa-rag","Environment":"DEV","Name":"bedrock-qa-rag-target-group-tf"},"target_type":"instance"},"sensitive_values":{"health_check":[],"stickiness":[],"tags":{},"tags_all":{},"target_failover":[],"target_health_state":[]}},{"address":"module.network.aws_security_group.ecs_load_balancer_security_group","mode":"managed","type":"aws_security_group","name":"ecs_load_balancer_security_group","provider_name":"registry.terraform.io/hashicorp/aws","schema_version":1,"values":{"description":"Managed by Terraform","egress":[{"cidr_blocks":["0.0.0.0/0"],"description":"","from_port":0,"ipv6_cidr_blocks":[],"prefix_list_ids":[],"protocol":"-1","security_groups":[],"self":false,"to_port":0}],"ingress":[{"cidr_blocks":["0.0.0.0/0"],"description":"","from_port":80,"ipv6_cidr_blocks":[],"prefix_list_ids":[],"protocol":"tcp","security_groups":[],"self":false,"to_port":80}],"name":"bedrock-qa-rag-ecs-security-group-tf","revoke_rules_on_delete":false,"tags":{"Application":"bedrock-qa-rag","Environment":"DEV","Name":"bedrock-qa-rag-ecs-security-group-tf"},"tags_all":{"Application":"bedrock-qa-rag","Environment":"DEV","Name":"bedrock-qa-rag-ecs-security-group-tf"},"timeouts":null},"sensitive_values":{"egress":[{"cidr_blocks":[false],"ipv6_cidr_blocks":[],"prefix_list_ids":[],"security_groups":[]}],"ingress":[{"cidr_blocks":[false],"ipv6_cidr_blocks":[],"prefix_list_ids":[],"security_groups":[]}],"tags":{},"tags_all":{}}},{"address":"module.network.aws_security_group.ecs_service_security_group","mode":"managed","type":"aws_security_group","name":"ecs_service_security_group","provider_name":"registry.terraform.io/hashicorp/aws","schema_version":1,"values":{"description":"Managed by Terraform","egress":[{"cidr_blocks":["0.0.0.0/0"],"description":"","from_port":0,"ipv6_cidr_blocks":[],"prefix_list_ids":[],"protocol":"-1","security_groups":[],"self":false,"to_port":0}],"ingress":[{"cidr_blocks":[],"description":"","from_port":0,"ipv6_cidr_blocks":[],"prefix_list_ids":[],"protocol":"-1","self":false,"to_port":0}],"revoke_rules_on_delete":false,"tags":{"Application":"bedrock-qa-rag","Environment":"DEV","Name":"bedrock-qa-rag-ecs-security-group-tf"},"tags_all":{"Application":"bedrock-qa-rag","Environment":"DEV","Name":"bedrock-qa-rag-ecs-security-group-tf"},"timeouts":null},"sensitive_values":{"egress":[{"cidr_blocks":[false],"ipv6_cidr_blocks":[],"prefix_list_ids":[],"security_groups":[]}],"ingress":[{"cidr_blocks":[],"ipv6_cidr_blocks":[],"prefix_list_ids":[],"security_groups":[]}],"tags":{},"tags_all":{}}}],"address":"module.network"},{"resources":[{"address":"module.s3.aws_s3_bucket.bucket","mode":"managed","type":"aws_s3_bucket","name":"bucket","provider_name":"registry.terraform.io/hashicorp/aws","schema_version":0,"values":{"bucket":"bedrock-qa-bucket-tf","force_destroy":false,"tags":{"Environment":"DEV","Name":"bedrock-qa-bucket-tf Bucket"},"tags_all":{"Environment":"DEV","Name":"bedrock-qa-bucket-tf Bucket"},"timeouts":null},"sensitive_values":{"cors_rule":[],"grant":[],"lifecycle_rule":[],"logging":[],"object_lock_configuration":[],"replication_configuration":[],"server_side_encryption_configuration":[],"tags":{},"tags_all":{},"versioning":[],"website":[]}},{"address":"module.s3.aws_s3_object.object[\"welcome_ca.pdf\"]","mode":"managed","type":"aws_s3_object","name":"object","index":"welcome_ca.pdf","provider_name":"registry.terraform.io/hashicorp/aws","schema_version":0,"values":{"cache_control":null,"checksum_algorithm":null,"content":null,"content_base64":null,"content_disposition":null,"content_encoding":null,"content_language":null,"etag":"3248b8c3f8110566fcefb05ac3ee63ec","force_destroy":false,"key":"welcome_ca.pdf","metadata":null,"object_lock_legal_hold_status":null,"object_lock_mode":null,"object_lock_retain_until_date":null,"override_provider":[],"source":"../documents/welcome_ca.pdf","source_hash":null,"tags":null,"tags_all":{"Name":"bedrock-qa-rag"},"website_redirect":null},"sensitive_values":{"override_provider":[],"tags_all":{}}},{"address":"module.s3.aws_s3_object.object[\"welcome_eua.pdf\"]","mode":"managed","type":"aws_s3_object","name":"object","index":"welcome_eua.pdf","provider_name":"registry.terraform.io/hashicorp/aws","schema_version":0,"values":{"cache_control":null,"checksum_algorithm":null,"content":null,"content_base64":null,"content_disposition":null,"content_encoding":null,"content_language":null,"etag":"970fe7cd508c9428cfba1940eea77ae1","force_destroy":false,"key":"welcome_eua.pdf","metadata":null,"object_lock_legal_hold_status":null,"object_lock_mode":null,"object_lock_retain_until_date":null,"override_provider":[],"source":"../documents/welcome_eua.pdf","source_hash":null,"tags":null,"tags_all":{"Name":"bedrock-qa-rag"},"website_redirect":null},"sensitive_values":{"override_provider":[],"tags_all":{}}}],"address":"module.s3"}]}},"resource_changes":[{"address":"module.ecr.aws_ecr_repository.ecr_repo","module_address":"module.ecr","mode":"managed","type":"aws_ecr_repository","name":"ecr_repo","provider_name":"registry.terraform.io/hashicorp/aws","change":{"actions":["create"],"before":null,"after":{"encryption_configuration":[],"force_delete":null,"image_scanning_configuration":[{"scan_on_push":true}],"image_tag_mutability":"MUTABLE","name":"bedrock-qa-rag-ecr-tf","tags":{"Application":"bedrock-qa-rag","Environment":"DEV","Name":"bedrock-qa-rag-ecr-tf"},"tags_all":{"Application":"bedrock-qa-rag","Environment":"DEV","Name":"bedrock-qa-rag-ecr-tf"},"timeouts":null},"after_unknown":{"arn":true,"encryption_configuration":[],"id":true,"image_scanning_configuration":[{}],"registry_id":true,"repository_url":true,"tags":{},"tags_all":{}},"before_sensitive":false,"after_sensitive":{"encryption_configuration":[],"image_scanning_configuration":[{}],"tags":{},"tags_all":{}}}},{"address":"module.ecs.aws_ecs_cluster.ecs_cluster","module_address":"module.ecs","mode":"managed","type":"aws_ecs_cluster","name":"ecs_cluster","provider_name":"registry.terraform.io/hashicorp/aws","change":{"actions":["create"],"before":null,"after":{"configuration":[],"name":"bedrock-qa-rag-cluster-tf","service_connect_defaults":[],"tags":{"Application":"bedrock-qa-rag","Environment":"DEV","Name":"bedrock-qa-rag-cluster-tf"},"tags_all":{"Application":"bedrock-qa-rag","Environment":"DEV","Name":"bedrock-qa-rag-cluster-tf"}},"after_unknown":{"arn":true,"configuration":[],"id":true,"service_connect_defaults":[],"setting":true,"tags":{},"tags_all":{}},"before_sensitive":false,"after_sensitive":{"configuration":[],"service_connect_defaults":[],"setting":[],"tags":{},"tags_all":{}}}},{"address":"module.ecs.aws_ecs_service.ecs_service","module_address":"module.ecs","mode":"managed","type":"aws_ecs_service","name":"ecs_service","provider_name":"registry.terraform.io/hashicorp/aws","change":{"actions":["create"],"before":null,"after":{"alarms":[],"capacity_provider_strategy":[],"deployment_circuit_breaker":[],"deployment_controller":[],"deployment_maximum_percent":200,"deployment_minimum_healthy_percent":100,"desired_count":2,"enable_ecs_managed_tags":false,"enable_execute_command":false,"force_new_deployment":null,"health_check_grace_period_seconds":null,"launch_type":"FARGATE","load_balancer":[{"container_name":"bedrock-qa-rag-task-tf","container_port":8000,"elb_name":""}],"name":"bedrock-qa-rag-service-tf","network_configuration":[{"assign_public_ip":true}],"ordered_placement_strategy":[],"placement_constraints":[],"propagate_tags":null,"scheduling_strategy":"REPLICA","service_connect_configuration":[],"service_registries":[],"tags":{"Application":"bedrock-qa-rag","Environment":"DEV","Name":"bedrock-qa-rag-service-tf"},"tags_all":{"Application":"bedrock-qa-rag","Environment":"DEV","Name":"bedrock-qa-rag-service-tf"},"timeouts":null,"wait_for_steady_state":false},"after_unknown":{"alarms":[],"capacity_provider_strategy":[],"cluster":true,"deployment_circuit_breaker":[],"deployment_controller":[],"iam_role":true,"id":true,"load_balancer":[{"target_group_arn":true}],"network_configuration":[{"security_groups":true,"subnets":true}],"ordered_placement_strategy":[],"placement_constraints":[],"platform_version":true,"service_connect_configuration":[],"service_registries":[],"tags":{},"tags_all":{},"task_definition":true,"triggers":true},"before_sensitive":false,"after_sensitive":{"alarms":[],"capacity_provider_strategy":[],"deployment_circuit_breaker":[],"deployment_controller":[],"load_balancer":[{}],"network_configuration":[{"security_groups":[],"subnets":[]}],"ordered_placement_strategy":[],"placement_constraints":[],"service_connect_configuration":[],"service_registries":[],"tags":{},"tags_all":{},"triggers":{}}}},{"address":"module.ecs.aws_ecs_task_definition.ecs_task_definition","module_address":"module.ecs","mode":"managed","type":"aws_ecs_task_definition","name":"ecs_task_definition","provider_name":"registry.terraform.io/hashicorp/aws","change":{"actions":["create"],"before":null,"after":{"cpu":"256","ephemeral_storage":[],"family":"bedrock-qa-rag-task-tf","inference_accelerator":[],"ipc_mode":null,"memory":"512","network_mode":"awsvpc","pid_mode":null,"placement_constraints":[],"proxy_configuration":[],"requires_compatibilities":["FARGATE"],"runtime_platform":[{"cpu_architecture":"X86_64","operating_system_family":"LINUX"}],"skip_destroy":false,"tags":{"Application":"bedrock-qa-rag","Environment":"DEV","FamilyName":"bedrock-qa-rag-task-tf"},"tags_all":{"Application":"bedrock-qa-rag","Environment":"DEV","FamilyName":"bedrock-qa-rag-task-tf","Name":"bedrock-qa-rag"},"task_role_arn":null,"volume":[]},"after_unknown":{"arn":true,"arn_without_revision":true,"container_definitions":true,"ephemeral_storage":[],"execution_role_arn":true,"id":true,"inference_accelerator":[],"placement_constraints":[],"proxy_configuration":[],"requires_compatibilities":[false],"revision":true,"runtime_platform":[{}],"tags":{},"tags_all":{},"volume":[]},"before_sensitive":false,"after_sensitive":{"ephemeral_storage":[],"inference_accelerator":[],"placement_constraints":[],"proxy_configuration":[],"requires_compatibilities":[false],"runtime_platform":[{}],"tags":{},"tags_all":{},"volume":[]}}},{"address":"module.iam.aws_iam_policy.bedrock","module_address":"module.iam","mode":"managed","type":"aws_iam_policy","name":"bedrock","provider_name":"registry.terraform.io/hashicorp/aws","change":{"actions":["create"],"before":null,"after":{"description":null,"name":"bedrock","path":"/","policy":"{\"Statement\":[{\"Action\":[\"bedrock:ListFoundationModels\",\"bedrock:ListCustomModels\",\"bedrock:InvokeModel\"],\"Effect\":\"Allow\",\"Resource\":\"arn:aws:bedrock:*::foundation-model/*\",\"Sid\":\"1\"},{\"Action\":\"sts:AssumeRole\",\"Effect\":\"Allow\",\"Resource\":\"*\",\"Sid\":\"2\"}],\"Version\":\"2012-10-17\"}","tags":null,"tags_all":{"Name":"bedrock-qa-rag"}},"after_unknown":{"arn":true,"id":true,"name_prefix":true,"policy_id":true,"tags_all":{}},"before_sensitive":false,"after_sensitive":{"tags_all":{}}}},{"address":"module.iam.aws_iam_role.bedrock","module_address":"module.iam","mode":"managed","type":"aws_iam_role","name":"bedrock","provider_name":"registry.terraform.io/hashicorp/aws","change":{"actions":["create"],"before":null,"after":{"assume_role_policy":"{\"Statement\":[{\"Action\":\"sts:AssumeRole\",\"Effect\":\"Allow\",\"Principal\":{\"AWS\":\"arn:aws:iam::078090784717:root\"},\"Sid\":\"Statement1\"}],\"Version\":\"2012-10-17\"}","description":null,"force_detach_policies":false,"max_session_duration":3600,"name":"bedrock","path":"/","permissions_boundary":null,"tags":null,"tags_all":{"Name":"bedrock-qa-rag"}},"after_unknown":{"arn":true,"create_date":true,"id":true,"inline_policy":true,"managed_policy_arns":true,"name_prefix":true,"tags_all":{},"unique_id":true},"before_sensitive":false,"after_sensitive":{"inline_policy":[],"managed_policy_arns":[],"tags_all":{}}}},{"address":"module.iam.aws_iam_role.ecs_task_execution_role","module_address":"module.iam","mode":"managed","type":"aws_iam_role","name":"ecs_task_execution_role","provider_name":"registry.terraform.io/hashicorp/aws","change":{"actions":["create"],"before":null,"after":{"assume_role_policy":"{\"Statement\":[{\"Action\":\"sts:AssumeRole\",\"Effect\":\"Allow\",\"Principal\":{\"Service\":\"ecs-tasks.amazonaws.com\"}}],\"Version\":\"2012-10-17\"}","description":null,"force_detach_policies":false,"max_session_duration":3600,"name":"bedrock-qa-rag-ecs-execution-role_tf","path":"/","permissions_boundary":null,"tags":null,"tags_all":{"Name":"bedrock-qa-rag"}},"after_unknown":{"arn":true,"create_date":true,"id":true,"inline_policy":true,"managed_policy_arns":true,"name_prefix":true,"tags_all":{},"unique_id":true},"before_sensitive":false,"after_sensitive":{"inline_policy":[],"managed_policy_arns":[],"tags_all":{}}}},{"address":"module.iam.aws_iam_role_policy_attachment.bedrock-role","module_address":"module.iam","mode":"managed","type":"aws_iam_role_policy_attachment","name":"bedrock-role","provider_name":"registry.terraform.io/hashicorp/aws","change":{"actions":["create"],"before":null,"after":{"role":"bedrock"},"after_unknown":{"id":true,"policy_arn":true},"before_sensitive":false,"after_sensitive":{}}},{"address":"module.iam.aws_iam_role_policy_attachment.ecsTaskExecutionRole_policy","module_address":"module.iam","mode":"managed","type":"aws_iam_role_policy_attachment","name":"ecsTaskExecutionRole_policy","provider_name":"registry.terraform.io/hashicorp/aws","change":{"actions":["create"],"before":null,"after":{"policy_arn":"arn:aws:iam::aws:policy/service-role/AmazonECSTaskExecutionRolePolicy","role":"bedrock-qa-rag-ecs-execution-role_tf"},"after_unknown":{"id":true},"before_sensitive":false,"after_sensitive":{}}},{"address":"module.network.aws_default_subnet.default_subnet_a","module_address":"module.network","mode":"managed","type":"aws_default_subnet","name":"default_subnet_a","provider_name":"registry.terraform.io/hashicorp/aws","change":{"actions":["create"],"before":null,"after":{"assign_ipv6_address_on_creation":false,"availability_zone":"us-east-1a","customer_owned_ipv4_pool":null,"enable_dns64":false,"enable_resource_name_dns_a_record_on_launch":false,"enable_resource_name_dns_aaaa_record_on_launch":false,"force_destroy":false,"ipv6_native":false,"map_customer_owned_ip_on_launch":null,"map_public_ip_on_launch":true,"tags":{"Name":"Default subnet for us-east-1a"},"tags_all":{"Name":"Default subnet for us-east-1a"},"timeouts":null},"after_unknown":{"arn":true,"availability_zone_id":true,"cidr_block":true,"enable_lni_at_device_index":true,"existing_default_subnet":true,"id":true,"ipv6_cidr_block":true,"ipv6_cidr_block_association_id":true,"outpost_arn":true,"owner_id":true,"private_dns_hostname_type_on_launch":true,"tags":{},"tags_all":{},"vpc_id":true},"before_sensitive":false,"after_sensitive":{"tags":{},"tags_all":{}}}},{"address":"module.network.aws_default_subnet.default_subnet_b","module_address":"module.network","mode":"managed","type":"aws_default_subnet","name":"default_subnet_b","provider_name":"registry.terraform.io/hashicorp/aws","change":{"actions":["create"],"before":null,"after":{"assign_ipv6_address_on_creation":false,"availability_zone":"us-east-1b","customer_owned_ipv4_pool":null,"enable_dns64":false,"enable_resource_name_dns_a_record_on_launch":false,"enable_resource_name_dns_aaaa_record_on_launch":false,"force_destroy":false,"ipv6_native":false,"map_customer_owned_ip_on_launch":null,"map_public_ip_on_launch":true,"tags":{"Name":"Default subnet for us-east-1b"},"tags_all":{"Name":"Default subnet for us-east-1b"},"timeouts":null},"after_unknown":{"arn":true,"availability_zone_id":true,"cidr_block":true,"enable_lni_at_device_index":true,"existing_default_subnet":true,"id":true,"ipv6_cidr_block":true,"ipv6_cidr_block_association_id":true,"outpost_arn":true,"owner_id":true,"private_dns_hostname_type_on_launch":true,"tags":{},"tags_all":{},"vpc_id":true},"before_sensitive":false,"after_sensitive":{"tags":{},"tags_all":{}}}},{"address":"module.network.aws_default_vpc.default_vpc","module_address":"module.network","mode":"managed","type":"aws_default_vpc","name":"default_vpc","provider_name":"registry.terraform.io/hashicorp/aws","change":{"actions":["create"],"before":null,"after":{"assign_generated_ipv6_cidr_block":null,"enable_dns_hostnames":true,"enable_dns_support":true,"force_destroy":false,"ipv6_ipam_pool_id":null,"ipv6_netmask_length":null,"tags":{"Name":"Default VPC"},"tags_all":{"Name":"Default VPC"}},"after_unknown":{"arn":true,"cidr_block":true,"default_network_acl_id":true,"default_route_table_id":true,"default_security_group_id":true,"dhcp_options_id":true,"enable_network_address_usage_metrics":true,"existing_default_vpc":true,"id":true,"instance_tenancy":true,"ipv6_association_id":true,"ipv6_cidr_block":true,"ipv6_cidr_block_network_border_group":true,"main_route_table_id":true,"owner_id":true,"tags":{},"tags_all":{}},"before_sensitive":false,"after_sensitive":{"tags":{},"tags_all":{}}}},{"address":"module.network.aws_lb.ecs_load_balancer","module_address":"module.network","mode":"managed","type":"aws_lb","name":"ecs_load_balancer","provider_name":"registry.terraform.io/hashicorp/aws","change":{"actions":["create"],"before":null,"after":{"access_logs":[],"connection_logs":[],"customer_owned_ipv4_pool":null,"desync_mitigation_mode":"defensive","dns_record_client_routing_policy":null,"drop_invalid_header_fields":false,"enable_cross_zone_load_balancing":null,"enable_deletion_protection":false,"enable_http2":true,"enable_tls_version_and_cipher_suite_headers":false,"enable_waf_fail_open":false,"enable_xff_client_port":false,"idle_timeout":60,"internal":false,"load_balancer_type":"application","name":"bedrock-qa-rag-load-balance-tf","preserve_host_header":false,"tags":{"Application":"bedrock-qa-rag","Environment":"DEV","Name":"bedrock-qa-rag-load-balance-tf"},"tags_all":{"Application":"bedrock-qa-rag","Environment":"DEV","Name":"bedrock-qa-rag-load-balance-tf"},"timeouts":null,"xff_header_processing_mode":"append"},"after_unknown":{"access_logs":[],"arn":true,"arn_suffix":true,"connection_logs":[],"dns_name":true,"enforce_security_group_inbound_rules_on_private_link_traffic":true,"id":true,"ip_address_type":true,"name_prefix":true,"security_groups":true,"subnet_mapping":true,"subnets":true,"tags":{},"tags_all":{},"vpc_id":true,"zone_id":true},"before_sensitive":false,"after_sensitive":{"access_logs":[],"connection_logs":[],"security_groups":[],"subnet_mapping":[],"subnets":[],"tags":{},"tags_all":{}}}},{"address":"module.network.aws_lb_listener.lb_listener","module_address":"module.network","mode":"managed","type":"aws_lb_listener","name":"lb_listener","provider_name":"registry.terraform.io/hashicorp/aws","change":{"actions":["create"],"before":null,"after":{"alpn_policy":null,"certificate_arn":null,"default_action":[{"authenticate_cognito":[],"authenticate_oidc":[],"fixed_response":[],"forward":[],"redirect":[],"type":"forward"}],"port":80,"protocol":"HTTP","tags":{"Application":"bedrock-qa-rag","Environment":"DEV"},"tags_all":{"Application":"bedrock-qa-rag","Environment":"DEV","Name":"bedrock-qa-rag"},"timeouts":null},"after_unknown":{"arn":true,"default_action":[{"authenticate_cognito":[],"authenticate_oidc":[],"fixed_response":[],"forward":[],"order":true,"redirect":[],"target_group_arn":true}],"id":true,"load_balancer_arn":true,"mutual_authentication":true,"ssl_policy":true,"tags":{},"tags_all":{}},"before_sensitive":false,"after_sensitive":{"default_action":[{"authenticate_cognito":[],"authenticate_oidc":[],"fixed_response":[],"forward":[],"redirect":[]}],"mutual_authentication":[],"tags":{},"tags_all":{}}}},{"address":"module.network.aws_lb_target_group.lb_target_group","module_address":"module.network","mode":"managed","type":"aws_lb_target_group","name":"lb_target_group","provider_name":"registry.terraform.io/hashicorp/aws","change":{"actions":["create"],"before":null,"after":{"deregistration_delay":"300","lambda_multi_value_headers_enabled":false,"name":"bedrock-qa-rag-target-group-tf","port":80,"protocol":"HTTP","proxy_protocol_v2":false,"slow_start":0,"tags":{"Application":"bedrock-qa-rag","Environment":"DEV","Name":"bedrock-qa-rag-target-group-tf"},"tags_all":{"Application":"bedrock-qa-rag","Environment":"DEV","Name":"bedrock-qa-rag-target-group-tf"},"target_type":"instance"},"after_unknown":{"arn":true,"arn_suffix":true,"connection_termination":true,"health_check":true,"id":true,"ip_address_type":true,"load_balancing_algorithm_type":true,"load_balancing_cross_zone_enabled":true,"name_prefix":true,"preserve_client_ip":true,"protocol_version":true,"stickiness":true,"tags":{},"tags_all":{},"target_failover":true,"target_health_state":true,"vpc_id":true},"before_sensitive":false,"after_sensitive":{"health_check":[],"stickiness":[],"tags":{},"tags_all":{},"target_failover":[],"target_health_state":[]}}},{"address":"module.network.aws_security_group.ecs_load_balancer_security_group","module_address":"module.network","mode":"managed","type":"aws_security_group","name":"ecs_load_balancer_security_group","provider_name":"registry.terraform.io/hashicorp/aws","change":{"actions":["create"],"before":null,"after":{"description":"Managed by Terraform","egress":[{"cidr_blocks":["0.0.0.0/0"],"description":"","from_port":0,"ipv6_cidr_blocks":[],"prefix_list_ids":[],"protocol":"-1","security_groups":[],"self":false,"to_port":0}],"ingress":[{"cidr_blocks":["0.0.0.0/0"],"description":"","from_port":80,"ipv6_cidr_blocks":[],"prefix_list_ids":[],"protocol":"tcp","security_groups":[],"self":false,"to_port":80}],"name":"bedrock-qa-rag-ecs-security-group-tf","revoke_rules_on_delete":false,"tags":{"Application":"bedrock-qa-rag","Environment":"DEV","Name":"bedrock-qa-rag-ecs-security-group-tf"},"tags_all":{"Application":"bedrock-qa-rag","Environment":"DEV","Name":"bedrock-qa-rag-ecs-security-group-tf"},"timeouts":null},"after_unknown":{"arn":true,"egress":[{"cidr_blocks":[false],"ipv6_cidr_blocks":[],"prefix_list_ids":[],"security_groups":[]}],"id":true,"ingress":[{"cidr_blocks":[false],"ipv6_cidr_blocks":[],"prefix_list_ids":[],"security_groups":[]}],"name_prefix":true,"owner_id":true,"tags":{},"tags_all":{},"vpc_id":true},"before_sensitive":false,"after_sensitive":{"egress":[{"cidr_blocks":[false],"ipv6_cidr_blocks":[],"prefix_list_ids":[],"security_groups":[]}],"ingress":[{"cidr_blocks":[false],"ipv6_cidr_blocks":[],"prefix_list_ids":[],"security_groups":[]}],"tags":{},"tags_all":{}}}},{"address":"module.network.aws_security_group.ecs_service_security_group","module_address":"module.network","mode":"managed","type":"aws_security_group","name":"ecs_service_security_group","provider_name":"registry.terraform.io/hashicorp/aws","change":{"actions":["create"],"before":null,"after":{"description":"Managed by Terraform","egress":[{"cidr_blocks":["0.0.0.0/0"],"description":"","from_port":0,"ipv6_cidr_blocks":[],"prefix_list_ids":[],"protocol":"-1","security_groups":[],"self":false,"to_port":0}],"ingress":[{"cidr_blocks":[],"description":"","from_port":0,"ipv6_cidr_blocks":[],"prefix_list_ids":[],"protocol":"-1","self":false,"to_port":0}],"revoke_rules_on_delete":false,"tags":{"Application":"bedrock-qa-rag","Environment":"DEV","Name":"bedrock-qa-rag-ecs-security-group-tf"},"tags_all":{"Application":"bedrock-qa-rag","Environment":"DEV","Name":"bedrock-qa-rag-ecs-security-group-tf"},"timeouts":null},"after_unknown":{"arn":true,"egress":[{"cidr_blocks":[false],"ipv6_cidr_blocks":[],"prefix_list_ids":[],"security_groups":[]}],"id":true,"ingress":[{"cidr_blocks":[],"ipv6_cidr_blocks":[],"prefix_list_ids":[],"security_groups":true}],"name":true,"name_prefix":true,"owner_id":true,"tags":{},"tags_all":{},"vpc_id":true},"before_sensitive":false,"after_sensitive":{"egress":[{"cidr_blocks":[false],"ipv6_cidr_blocks":[],"prefix_list_ids":[],"security_groups":[]}],"ingress":[{"cidr_blocks":[],"ipv6_cidr_blocks":[],"prefix_list_ids":[],"security_groups":[]}],"tags":{},"tags_all":{}}}},{"address":"module.s3.aws_s3_bucket.bucket","module_address":"module.s3","mode":"managed","type":"aws_s3_bucket","name":"bucket","provider_name":"registry.terraform.io/hashicorp/aws","change":{"actions":["create"],"before":null,"after":{"bucket":"bedrock-qa-bucket-tf","force_destroy":false,"tags":{"Environment":"DEV","Name":"bedrock-qa-bucket-tf Bucket"},"tags_all":{"Environment":"DEV","Name":"bedrock-qa-bucket-tf Bucket"},"timeouts":null},"after_unknown":{"acceleration_status":true,"acl":true,"arn":true,"bucket_domain_name":true,"bucket_prefix":true,"bucket_regional_domain_name":true,"cors_rule":true,"grant":true,"hosted_zone_id":true,"id":true,"lifecycle_rule":true,"logging":true,"object_lock_configuration":true,"object_lock_enabled":true,"policy":true,"region":true,"replication_configuration":true,"request_payer":true,"server_side_encryption_configuration":true,"tags":{},"tags_all":{},"versioning":true,"website":true,"website_domain":true,"website_endpoint":true},"before_sensitive":false,"after_sensitive":{"cors_rule":[],"grant":[],"lifecycle_rule":[],"logging":[],"object_lock_configuration":[],"replication_configuration":[],"server_side_encryption_configuration":[],"tags":{},"tags_all":{},"versioning":[],"website":[]}}},{"address":"module.s3.aws_s3_object.object[\"welcome_ca.pdf\"]","module_address":"module.s3","mode":"managed","type":"aws_s3_object","name":"object","index":"welcome_ca.pdf","provider_name":"registry.terraform.io/hashicorp/aws","change":{"actions":["create"],"before":null,"after":{"cache_control":null,"checksum_algorithm":null,"content":null,"content_base64":null,"content_disposition":null,"content_encoding":null,"content_language":null,"etag":"3248b8c3f8110566fcefb05ac3ee63ec","force_destroy":false,"key":"welcome_ca.pdf","metadata":null,"object_lock_legal_hold_status":null,"object_lock_mode":null,"object_lock_retain_until_date":null,"override_provider":[],"source":"../documents/welcome_ca.pdf","source_hash":null,"tags":null,"tags_all":{"Name":"bedrock-qa-rag"},"website_redirect":null},"after_unknown":{"acl":true,"bucket":true,"bucket_key_enabled":true,"checksum_crc32":true,"checksum_crc32c":true,"checksum_sha1":true,"checksum_sha256":true,"content_type":true,"id":true,"kms_key_id":true,"override_provider":[],"server_side_encryption":true,"storage_class":true,"tags_all":{},"version_id":true},"before_sensitive":false,"after_sensitive":{"override_provider":[],"tags_all":{}}}},{"address":"module.s3.aws_s3_object.object[\"welcome_eua.pdf\"]","module_address":"module.s3","mode":"managed","type":"aws_s3_object","name":"object","index":"welcome_eua.pdf","provider_name":"registry.terraform.io/hashicorp/aws","change":{"actions":["create"],"before":null,"after":{"cache_control":null,"checksum_algorithm":null,"content":null,"content_base64":null,"content_disposition":null,"content_encoding":null,"content_language":null,"etag":"970fe7cd508c9428cfba1940eea77ae1","force_destroy":false,"key":"welcome_eua.pdf","metadata":null,"object_lock_legal_hold_status":null,"object_lock_mode":null,"object_lock_retain_until_date":null,"override_provider":[],"source":"../documents/welcome_eua.pdf","source_hash":null,"tags":null,"tags_all":{"Name":"bedrock-qa-rag"},"website_redirect":null},"after_unknown":{"acl":true,"bucket":true,"bucket_key_enabled":true,"checksum_crc32":true,"checksum_crc32c":true,"checksum_sha1":true,"checksum_sha256":true,"content_type":true,"id":true,"kms_key_id":true,"override_provider":[],"server_side_encryption":true,"storage_class":true,"tags_all":{},"version_id":true},"before_sensitive":false,"after_sensitive":{"override_provider":[],"tags_all":{}}}}],"prior_state":{"format_version":"1.0","terraform_version":"1.6.6","values":{"root_module":{"child_modules":[{"resources":[{"address":"module.iam.data.aws_caller_identity.current","mode":"data","type":"aws_caller_identity","name":"current","provider_name":"registry.terraform.io/hashicorp/aws","schema_version":0,"values":{"account_id":"078090784717","arn":"arn:aws:iam::078090784717:user/bedrock_user","id":"078090784717","user_id":"AIDARELUSZ7G52OSTGZ3J"},"sensitive_values":{}},{"address":"module.iam.data.aws_iam_policy_document.bedrock","mode":"data","type":"aws_iam_policy_document","name":"bedrock","provider_name":"registry.terraform.io/hashicorp/aws","schema_version":0,"values":{"id":"1120184785","json":"{\n  \"Version\": \"2012-10-17\",\n  \"Statement\": [\n    {\n      \"Sid\": \"1\",\n      \"Effect\": \"Allow\",\n      \"Action\": [\n        \"bedrock:ListFoundationModels\",\n        \"bedrock:ListCustomModels\",\n        \"bedrock:InvokeModel\"\n      ],\n      \"Resource\": \"arn:aws:bedrock:*::foundation-model/*\"\n    },\n    {\n      \"Sid\": \"2\",\n      \"Effect\": \"Allow\",\n      \"Action\": \"sts:AssumeRole\",\n      \"Resource\": \"*\"\n    }\n  ]\n}","override_policy_documents":null,"policy_id":null,"source_policy_documents":null,"statement":[{"actions":["bedrock:InvokeModel","bedrock:ListCustomModels","bedrock:ListFoundationModels"],"condition":[],"effect":"Allow","not_actions":[],"not_principals":[],"not_resources":[],"principals":[],"resources":["arn:aws:bedrock:*::foundation-model/*"],"sid":"1"},{"actions":["sts:AssumeRole"],"condition":[],"effect":"Allow","not_actions":[],"not_principals":[],"not_resources":[],"principals":[],"resources":["*"],"sid":"2"}],"version":"2012-10-17"},"sensitive_values":{"statement":[{"actions":[false,false,false],"condition":[],"not_actions":[],"not_principals":[],"not_resources":[],"principals":[],"resources":[false]},{"actions":[false],"condition":[],"not_actions":[],"not_principals":[],"not_resources":[],"principals":[],"resources":[false]}]}},{"address":"module.iam.data.aws_iam_policy_document.ecs_task_exec_role_policy","mode":"data","type":"aws_iam_policy_document","name":"ecs_task_exec_role_policy","provider_name":"registry.terraform.io/hashicorp/aws","schema_version":0,"values":{"id":"1077804475","json":"{\n  \"Version\": \"2012-10-17\",\n  \"Statement\": [\n    {\n      \"Effect\": \"Allow\",\n      \"Action\": \"sts:AssumeRole\",\n      \"Principal\": {\n        \"Service\": \"ecs-tasks.amazonaws.com\"\n      }\n    }\n  ]\n}","override_policy_documents":null,"policy_id":null,"source_policy_documents":null,"statement":[{"actions":["sts:AssumeRole"],"condition":[],"effect":"Allow","not_actions":[],"not_principals":[],"not_resources":[],"principals":[{"identifiers":["ecs-tasks.amazonaws.com"],"type":"Service"}],"resources":[],"sid":""}],"version":"2012-10-17"},"sensitive_values":{"statement":[{"actions":[false],"condition":[],"not_actions":[],"not_principals":[],"not_resources":[],"principals":[{"identifiers":[false]}],"resources":[]}]}}],"address":"module.iam"}]}}},"configuration":{"provider_config":{"aws":{"name":"aws","full_name":"registry.terraform.io/hashicorp/aws","version_constraint":"~\u003e 5.0","expressions":{"default_tags":[{"tags":{"references":["var.name"]}}],"region":{"references":["var.region"]}}}},"root_module":{"module_calls":{"ecr":{"source":"./ecr","expressions":{"environment":{"references":["var.environment"]},"name":{"references":["var.name"]},"region":{"references":["var.region"]}},"module":{"outputs":{"ecr_repository_name":{"expression":{"references":["aws_ecr_repository.ecr_repo.name","aws_ecr_repository.ecr_repo"]}},"ecr_repository_url":{"expression":{"references":["aws_ecr_repository.ecr_repo.repository_url","aws_ecr_repository.ecr_repo"]}}},"resources":[{"address":"aws_ecr_repository.ecr_repo","mode":"managed","type":"aws_ecr_repository","name":"ecr_repo","provider_config_key":"aws","expressions":{"image_scanning_configuration":[{"scan_on_push":{"constant_value":true}}],"image_tag_mutability":{"constant_value":"MUTABLE"},"name":{"references":["var.ecr_name"]},"tags":{"references":["var.environment","var.name","var.ecr_name"]}},"schema_version":0}],"variables":{"ecr_name":{"default":"bedrock-qa-rag-ecr-tf","description":"The name of ECR repository"},"environment":{"description":"The environment the bucket is used in [DEV, STAG, PROD]"},"name":{"default":"bedrock-qa-rag","description":"The name for resource"},"region":{"default":"us-east-1","description":"The region of deploy"}}}},"ecs":{"source":"./ecs","expressions":{"ecr_repository_url":{"references":["module.ecr.ecr_repository_url","module.ecr"]},"ecs_service_security_groups_id":{"references":["module.network.ecs_service_security_groups_id","module.network"]},"ecs_task_execution_role_arn":{"references":["module.iam.ecs_task_execution_role_arn","module.iam"]},"environment":{"references":["var.environment"]},"name":{"references":["var.name"]},"region":{"references":["var.region"]},"subnets":{"references":["module.network.subnets","module.network"]},"target_group_arn":{"references":["module.network.target_group_arn","module.network"]}},"module":{"outputs":{"ecs_cluster_name":{"expression":{"references":["aws_ecs_cluster.ecs_cluster.name","aws_ecs_cluster.ecs_cluster"]}},"ecs_service_name":{"expression":{"references":["aws_ecs_service.ecs_service.name","aws_ecs_service.ecs_service"]}}},"resources":[{"address":"aws_ecs_cluster.ecs_cluster","mode":"managed","type":"aws_ecs_cluster","name":"ecs_cluster","provider_config_key":"aws","expressions":{"name":{"references":["var.ecs_cluster_name"]},"tags":{"references":["var.environment","var.name","var.ecs_cluster_name"]}},"schema_version":0},{"address":"aws_ecs_service.ecs_service","mode":"managed","type":"aws_ecs_service","name":"ecs_service","provider_config_key":"aws","expressions":{"cluster":{"references":["aws_ecs_cluster.ecs_cluster.id","aws_ecs_cluster.ecs_cluster"]},"desired_count":{"constant_value":2},"launch_type":{"constant_value":"FARGATE"},"load_balancer":[{"container_name":{"references":["aws_ecs_task_definition.ecs_task_definition.family","aws_ecs_task_definition.ecs_task_definition"]},"container_port":{"constant_value":8000},"target_group_arn":{"references":["var.target_group_arn"]}}],"name":{"references":["var.ecs_service_name"]},"network_configuration":[{"assign_public_ip":{"constant_value":true},"security_groups":{"references":["var.ecs_service_security_groups_id"]},"subnets":{"references":["var.subnets"]}}],"tags":{"references":["var.environment","var.name","var.ecs_service_name"]},"task_definition":{"references":["aws_ecs_task_definition.ecs_task_definition.arn","aws_ecs_task_definition.ecs_task_definition"]}},"schema_version":0},{"address":"aws_ecs_task_definition.ecs_task_definition","mode":"managed","type":"aws_ecs_task_definition","name":"ecs_task_definition","provider_config_key":"aws","expressions":{"container_definitions":{"references":["var.container_name","var.ecr_repository_url"]},"cpu":{"references":["var.cpu"]},"execution_role_arn":{"references":["var.ecs_task_execution_role_arn"]},"family":{"references":["var.ecs_task_family_name"]},"memory":{"references":["var.memory"]},"network_mode":{"constant_value":"awsvpc"},"requires_compatibilities":{"constant_value":["FARGATE"]},"runtime_platform":[{"cpu_architecture":{"constant_value":"X86_64"},"operating_system_family":{"constant_value":"LINUX"}}],"tags":{"references":["var.environment","var.name","var.ecs_task_family_name"]}},"schema_version":1}],"variables":{"container_name":{"default":"bedrock-qa-rag-container-tf","description":"The name of container"},"container_port":{"default":80,"description":"The port of container"},"cpu":{"default":256,"description":"The cpu of container"},"ecr_repository_url":{"description":"The url of ECR repository"},"ecs_cluster_name":{"default":"bedrock-qa-rag-cluster-tf","description":"The name of the ECS cluster"},"ecs_security_group_name":{"default":"bedrock-qa-rag-ecs-security-group-tf","description":"The name of the ECS security group"},"ecs_service_name":{"default":"bedrock-qa-rag-service-tf","description":"Name of the ECS service"},"ecs_service_security_groups_id":{"description":"The id of ECS service security group"},"ecs_task_execution_role_arn":{"description":"The arn of ECS task execution role"},"ecs_task_family_name":{"default":"bedrock-qa-rag-task-tf","description":"The ECS task definition name"},"environment":{"description":"The environment the bucket is used in [DEV, STAG, PROD]"},"memory":{"default":512,"description":"The memory of container"},"name":{"default":"bedrock-qa-rag","description":"The name for resource"},"region":{"default":"us-east-1","description":"The region of deploy"},"subnets":{"description":"The subnets of ECS service"},"target_group_arn":{"description":"The arn of target group"}}}},"iam":{"source":"./iam","expressions":{"environment":{"references":["var.environment"]},"name":{"references":["var.name"]},"region":{"references":["var.region"]}},"module":{"outputs":{"bedrock_role":{"expression":{"references":["aws_iam_role.bedrock.arn","aws_iam_role.bedrock"]}},"ecs_task_execution_role_arn":{"expression":{"references":["aws_iam_role.ecs_task_execution_role.arn","aws_iam_role.ecs_task_execution_role"]}},"ecs_task_execution_role_name":{"expression":{"references":["aws_iam_role.ecs_task_execution_role.name","aws_iam_role.ecs_task_execution_role"]}}},"resources":[{"address":"aws_iam_policy.bedrock","mode":"managed","type":"aws_iam_policy","name":"bedrock","provider_config_key":"aws","expressions":{"name":{"constant_value":"bedrock"},"policy":{"references":["data.aws_iam_policy_document.bedrock.json","data.aws_iam_policy_document.bedrock"]}},"schema_version":0},{"address":"aws_iam_role.bedrock","mode":"managed","type":"aws_iam_role","name":"bedrock","provider_config_key":"aws","expressions":{"assume_role_policy":{"references":["data.aws_caller_identity.current.account_id","data.aws_caller_identity.current"]},"name":{"constant_value":"bedrock"}},"schema_version":0},{"address":"aws_iam_role.ecs_task_execution_role","mode":"managed","type":"aws_iam_role","name":"ecs_task_execution_role","provider_config_key":"aws","expressions":{"assume_role_policy":{"references":["data.aws_iam_policy_document.ecs_task_exec_role_policy.json","data.aws_iam_policy_document.ecs_task_exec_role_policy"]},"name":{"references":["var.ecs_execution_role_name"]}},"schema_version":0},{"address":"aws_iam_role_policy_attachment.bedrock-role","mode":"managed","type":"aws_iam_role_policy_attachment","name":"bedrock-role","provider_config_key":"aws","expressions":{"policy_arn":{"references":["aws_iam_policy.bedrock.arn","aws_iam_policy.bedrock"]},"role":{"references":["aws_iam_role.bedrock.name","aws_iam_role.bedrock"]}},"schema_version":0},{"address":"aws_iam_role_policy_attachment.ecsTaskExecutionRole_policy","mode":"managed","type":"aws_iam_role_policy_attachment","name":"ecsTaskExecutionRole_policy","provider_config_key":"aws","expressions":{"policy_arn":{"constant_value":"arn:aws:iam::aws:policy/service-role/AmazonECSTaskExecutionRolePolicy"},"role":{"references":["aws_iam_role.ecs_task_execution_role.name","aws_iam_role.ecs_task_execution_role"]}},"schema_version":0},{"address":"data.aws_caller_identity.current","mode":"data","type":"aws_caller_identity","name":"current","provider_config_key":"aws","schema_version":0},{"address":"data.aws_iam_policy_document.bedrock","mode":"data","type":"aws_iam_policy_document","name":"bedrock","provider_config_key":"aws","expressions":{"statement":[{"actions":{"constant_value":["bedrock:InvokeModel","bedrock:ListCustomModels","bedrock:ListFoundationModels"]},"resources":{"constant_value":["arn:aws:bedrock:*::foundation-model/*"]},"sid":{"constant_value":1}},{"actions":{"constant_value":["sts:AssumeRole"]},"resources":{"constant_value":["*"]},"sid":{"constant_value":2}}]},"schema_version":0},{"address":"data.aws_iam_policy_document.ecs_task_exec_role_policy","mode":"data","type":"aws_iam_policy_document","name":"ecs_task_exec_role_policy","provider_config_key":"aws","expressions":{"statement":[{"actions":{"constant_value":["sts:AssumeRole"]},"principals":[{"identifiers":{"constant_value":["ecs-tasks.amazonaws.com"]},"type":{"constant_value":"Service"}}]}]},"schema_version":0}],"variables":{"ecs_execution_role_name":{"default":"bedrock-qa-rag-ecs-execution-role_tf","description":"The name of ECS execution role"},"environment":{"description":"The environment the bucket is used in [DEV, STAG, PROD]"},"name":{"default":"bedrock-qa-rag","description":"The name for resource"},"region":{"default":"us-east-1","description":"The region of deploy"}}}},"network":{"source":"./network","expressions":{"environment":{"references":["var.environment"]},"name":{"references":["var.name"]},"region":{"references":["var.region"]}},"module":{"outputs":{"ecs_service_security_groups_id":{"expression":{"references":["aws_security_group.ecs_load_balancer_security_group.id","aws_security_group.ecs_load_balancer_security_group"]}},"load_balancer_name":{"expression":{"references":["aws_lb.ecs_load_balancer.name","aws_lb.ecs_load_balancer"]}},"subnets":{"expression":{"references":["aws_default_subnet.default_subnet_a.id","aws_default_subnet.default_subnet_a","aws_default_subnet.default_subnet_b.id","aws_default_subnet.default_subnet_b"]}},"target_group_arn":{"expression":{"references":["aws_lb_target_group.lb_target_group.arn","aws_lb_target_group.lb_target_group"]}}},"resources":[{"address":"aws_default_subnet.default_subnet_a","mode":"managed","type":"aws_default_subnet","name":"default_subnet_a","provider_config_key":"aws","expressions":{"availability_zone":{"constant_value":"us-east-1a"},"tags":{"constant_value":{"Name":"Default subnet for us-east-1a"}}},"schema_version":1},{"address":"aws_default_subnet.default_subnet_b","mode":"managed","type":"aws_default_subnet","name":"default_subnet_b","provider_config_key":"aws","expressions":{"availability_zone":{"constant_value":"us-east-1b"},"tags":{"constant_value":{"Name":"Default subnet for us-east-1b"}}},"schema_version":1},{"address":"aws_default_vpc.default_vpc","mode":"managed","type":"aws_default_vpc","name":"default_vpc","provider_config_key":"aws","expressions":{"tags":{"constant_value":{"Name":"Default VPC"}}},"schema_version":1},{"address":"aws_lb.ecs_load_balancer","mode":"managed","type":"aws_lb","name":"ecs_load_balancer","provider_config_key":"aws","expressions":{"enable_deletion_protection":{"constant_value":false},"internal":{"constant_value":false},"load_balancer_type":{"constant_value":"application"},"name":{"references":["var.load_balance_name"]},"security_groups":{"references":["aws_security_group.ecs_load_balancer_security_group.id","aws_security_group.ecs_load_balancer_security_group"]},"subnets":{"references":["aws_default_subnet.default_subnet_a.id","aws_default_subnet.default_subnet_a","aws_default_subnet.default_subnet_b.id","aws_default_subnet.default_subnet_b"]},"tags":{"references":["var.environment","var.name","var.load_balance_name"]}},"schema_version":0},{"address":"aws_lb_listener.lb_listener","mode":"managed","type":"aws_lb_listener","name":"lb_listener","provider_config_key":"aws","expressions":{"default_action":[{"target_group_arn":{"references":["aws_lb_target_group.lb_target_group.arn","aws_lb_target_group.lb_target_group"]},"type":{"constant_value":"forward"}}],"load_balancer_arn":{"references":["aws_lb.ecs_load_balancer.arn","aws_lb.ecs_load_balancer"]},"port":{"constant_value":"80"},"protocol":{"constant_value":"HTTP"},"tags":{"references":["var.environment","var.name"]}},"schema_version":0},{"address":"aws_lb_target_group.lb_target_group","mode":"managed","type":"aws_lb_target_group","name":"lb_target_group","provider_config_key":"aws","expressions":{"name":{"references":["var.load_balancer_target_group_name"]},"port":{"constant_value":80},"protocol":{"constant_value":"HTTP"},"tags":{"references":["var.environment","var.name","var.load_balancer_target_group_name"]},"vpc_id":{"references":["aws_default_vpc.default_vpc.id","aws_default_vpc.default_vpc"]}},"schema_version":0},{"address":"aws_security_group.ecs_load_balancer_security_group","mode":"managed","type":"aws_security_group","name":"ecs_load_balancer_security_group","provider_config_key":"aws","expressions":{"egress":{"constant_value":[{"cidr_blocks":["0.0.0.0/0"],"description":null,"from_port":0,"ipv6_cidr_blocks":null,"prefix_list_ids":null,"protocol":"-1","security_groups":null,"self":null,"to_port":0}]},"ingress":{"constant_value":[{"cidr_blocks":["0.0.0.0/0"],"description":null,"from_port":80,"ipv6_cidr_blocks":null,"prefix_list_ids":null,"protocol":"tcp","security_groups":null,"self":null,"to_port":80}]},"name":{"references":["var.ecs_security_group_name"]},"tags":{"references":["var.environment","var.name","var.ecs_security_group_name"]},"vpc_id":{"references":["aws_default_vpc.default_vpc.id","aws_default_vpc.default_vpc"]}},"schema_version":1},{"address":"aws_security_group.ecs_service_security_group","mode":"managed","type":"aws_security_group","name":"ecs_service_security_group","provider_config_key":"aws","expressions":{"egress":{"constant_value":[{"cidr_blocks":["0.0.0.0/0"],"description":null,"from_port":0,"ipv6_cidr_blocks":null,"prefix_list_ids":null,"protocol":"-1","security_groups":null,"self":null,"to_port":0}]},"ingress":{"references":["aws_security_group.ecs_load_balancer_security_group.id","aws_security_group.ecs_load_balancer_security_group"]},"tags":{"references":["var.environment","var.name","var.ecs_security_group_name"]}},"schema_version":1}],"variables":{"ecs_security_group_name":{"default":"bedrock-qa-rag-ecs-security-group-tf","description":"The name of the ECS security group"},"environment":{"description":"The environment the bucket is used in [DEV, STAG, PROD]"},"load_balance_name":{"default":"bedrock-qa-rag-load-balance-tf","description":"The name of Load Balance"},"load_balancer_target_group_name":{"default":"bedrock-qa-rag-target-group-tf","description":"The name of Load balancer target group"},"name":{"default":"bedrock-qa-rag","description":"The name for resource"},"region":{"default":"us-east-1","description":"The region of deploy"}}}},"s3":{"source":"./s3","expressions":{"bucket_name":{"constant_value":"bedrock-qa-bucket-tf"},"environment":{"references":["var.environment"]},"name":{"references":["var.name"]},"region":{"references":["var.region"]}},"module":{"outputs":{"s3_bucket_name":{"expression":{"references":["aws_s3_bucket.bucket.id","aws_s3_bucket.bucket"]}}},"resources":[{"address":"aws_s3_bucket.bucket","mode":"managed","type":"aws_s3_bucket","name":"bucket","provider_config_key":"aws","expressions":{"bucket":{"references":["var.bucket_name"]},"tags":{"references":["var.bucket_name","var.environment"]}},"schema_version":0},{"address":"aws_s3_object.object","mode":"managed","type":"aws_s3_object","name":"object","provider_config_key":"aws","expressions":{"bucket":{"references":["aws_s3_bucket.bucket.id","aws_s3_bucket.bucket"]},"etag":{"references":["each.value"]},"key":{"references":["each.value"]},"source":{"references":["each.value"]}},"schema_version":0,"depends_on":["aws_s3_bucket.bucket"]}],"variables":{"bucket_name":{"default":"$bedrock-qa-rag-bucket-tf","description":"The name of the S3 bucket"},"environment":{"description":"The environment the bucket is used in [DEV, STAG, PROD]"},"name":{"default":"bedrock-qa-rag","description":"The name for resource"},"region":{"default":"us-east-1","description":"The region of deploy"}}}}},"variables":{"environment":{"description":"The environment the bucket is used in [DEV, STAG, PROD]"},"name":{"default":"bedrock-qa-rag","description":"The name for resource"},"region":{"default":"us-east-1","description":"The region of deploy"}}}},"relevant_attributes":[{"resource":"module.network.aws_lb.ecs_load_balancer","attribute":["arn"]},{"resource":"module.network.aws_lb_target_group.lb_target_group","attribute":["arn"]},{"resource":"module.ecs.aws_ecs_cluster.ecs_cluster","attribute":["id"]},{"resource":"module.ecs.aws_ecs_task_definition.ecs_task_definition","attribute":["family"]},{"resource":"module.ecr.aws_ecr_repository.ecr_repo","attribute":["repository_url"]},{"resource":"module.s3.aws_s3_bucket.bucket","attribute":["id"]},{"resource":"module.iam.data.aws_iam_policy_document.bedrock","attribute":["json"]},{"resource":"module.iam.aws_iam_policy.bedrock","attribute":["arn"]},{"resource":"module.iam.aws_iam_role.ecs_task_execution_role","attribute":["name"]},{"resource":"module.ecs.aws_ecs_task_definition.ecs_task_definition","attribute":["arn"]},{"resource":"module.iam.aws_iam_role.ecs_task_execution_role","attribute":["arn"]},{"resource":"module.network.aws_lb.ecs_load_balancer","attribute":["name"]},{"resource":"module.network.aws_default_vpc.default_vpc","attribute":["id"]},{"resource":"module.network.aws_default_subnet.default_subnet_a","attribute":["id"]},{"resource":"module.iam.aws_iam_role.bedrock","attribute":["name"]},{"resource":"module.iam.aws_iam_role.bedrock","attribute":["arn"]},{"resource":"module.ecs.aws_ecs_service.ecs_service","attribute":["name"]},{"resource":"module.iam.data.aws_caller_identity.current","attribute":["account_id"]},{"resource":"module.network.aws_default_subnet.default_subnet_b","attribute":["id"]},{"resource":"module.network.aws_security_group.ecs_load_balancer_security_group","attribute":["id"]},{"resource":"module.ecs.aws_ecs_cluster.ecs_cluster","attribute":["name"]},{"resource":"module.ecr.aws_ecr_repository.ecr_repo","attribute":["name"]},{"resource":"module.iam.data.aws_iam_policy_document.ecs_task_exec_role_policy","attribute":["json"]}],"checks":[{"address":{"kind":"var","module":"module.ecr","name":"environment","to_display":"module.ecr.var.environment"},"status":"pass","instances":[{"address":{"module":"module.ecr","to_display":"module.ecr.var.environment"},"status":"pass"}]},{"address":{"kind":"var","module":"module.ecs","name":"environment","to_display":"module.ecs.var.environment"},"status":"pass","instances":[{"address":{"module":"module.ecs","to_display":"module.ecs.var.environment"},"status":"pass"}]},{"address":{"kind":"var","module":"module.iam","name":"environment","to_display":"module.iam.var.environment"},"status":"pass","instances":[{"address":{"module":"module.iam","to_display":"module.iam.var.environment"},"status":"pass"}]},{"address":{"kind":"var","module":"module.network","name":"environment","to_display":"module.network.var.environment"},"status":"pass","instances":[{"address":{"module":"module.network","to_display":"module.network.var.environment"},"status":"pass"}]},{"address":{"kind":"var","module":"module.s3","name":"environment","to_display":"module.s3.var.environment"},"status":"pass","instances":[{"address":{"module":"module.s3","to_display":"module.s3.var.environment"},"status":"pass"}]},{"address":{"kind":"var","name":"environment","to_display":"var.environment"},"status":"pass","instances":[{"address":{"to_display":"var.environment"},"status":"pass"}]}],"timestamp":"2024-01-15T15:37:58Z","errored":false}
